<?xml version="1.0" encoding="UTF-8"?>
<Solution>
	<Configurations>
		<BuildType Name="Debug"/>
		<BuildType Name="Release"/>
		<BuildType Name="MinSizeRel"/>
		<BuildType Name="RelWithDebInfo"/>
		<Platform Name="x64"/>
	</Configurations>
	<Project Path="ALL_BUILD.vcxproj" Type="8bc9ceb8-8b4a-11d0-8d11-00a0c91bc942" Id="8cd51d60-ec0b-3a50-ac79-686f86b06370" DefaultStartup="true">
		<BuildDependency Project="ZERO_CHECK.vcxproj"/>
		<BuildDependency Project="rtos_app.vcxproj"/>
		<BuildDependency Project="rtos_shim.vcxproj"/>
		<Build Solution="Debug|*" Project="false"/>
		<Build Solution="Release|*" Project="false"/>
		<Build Solution="MinSizeRel|*" Project="false"/>
		<Build Solution="RelWithDebInfo|*" Project="false"/>
	</Project>
	<Project Path="ZERO_CHECK.vcxproj" Type="8bc9ceb8-8b4a-11d0-8d11-00a0c91bc942" Id="a53ff3df-3a84-3970-9efe-29a0bb0f674c"/>
	<Project Path="rtos_app.vcxproj" Type="8bc9ceb8-8b4a-11d0-8d11-00a0c91bc942" Id="95722ff5-0932-32fc-b94f-16bb7055f1ad">
		<BuildDependency Project="ZERO_CHECK.vcxproj"/>
		<BuildDependency Project="rtos_shim.vcxproj"/>
	</Project>
	<Project Path="rtos_shim.vcxproj" Type="8bc9ceb8-8b4a-11d0-8d11-00a0c91bc942" Id="a931fbb5-ace9-3d66-9246-ee9a6bf04455">
		<BuildDependency Project="ZERO_CHECK.vcxproj"/>
	</Project>
</Solution>
